
Microsoft Visual Studio Solution File, Format Version 12.00
# Visual Studio 14
VisualStudioVersion = 14.0.25420.1
MinimumVisualStudioVersion = 10.0.40219.1
Project("{FAE04EC0-301F-11D3-BF4B-00C04F79EFBC}") = "AquarioVirtual.App", "AquarioVirtual.App\AquarioVirtual.App\AquarioVirtual.App.csproj", "{7F8D43F4-81E5-420C-BA35-FA0AE24ED098}"
EndProject
Project("{FAE04EC0-301F-11D3-BF4B-00C04F79EFBC}") = "AquarioVirtual.App.Droid", "AquarioVirtual.App\AquarioVirtual.App.Droid\AquarioVirtual.App.Droid.csproj", "{E593EEE8-4019-44DC-A67F-238B3C05A390}"
EndProject
Project("{FAE04EC0-301F-11D3-BF4B-00C04F79EFBC}") = "AquarioVirtual.App.iOS", "AquarioVirtual.App\AquarioVirtual.App.iOS\AquarioVirtual.App.iOS.csproj", "{1671DF09-D7EF-4FCB-831F-40892AC4E2BC}"
EndProject
Project("{FAE04EC0-301F-11D3-BF4B-00C04F79EFBC}") = "AquarioVirtual.App.UWP", "AquarioVirtual.App\AquarioVirtual.App.UWP\AquarioVirtual.App.UWP.csproj", "{34A63822-A9D7-4347-A26B-2ADFE0D9E70C}"
EndProject
Global
	GlobalSection(SolutionConfigurationPlatforms) = preSolution
		Ad-Hoc|Any CPU = Ad-Hoc|Any CPU
		Ad-Hoc|ARM = Ad-Hoc|ARM
		Ad-Hoc|iPhone = Ad-Hoc|iPhone
		Ad-Hoc|iPhoneSimulator = Ad-Hoc|iPhoneSimulator
		Ad-Hoc|x64 = Ad-Hoc|x64
		Ad-Hoc|x86 = Ad-Hoc|x86
		AppStore|Any CPU = AppStore|Any CPU
		AppStore|ARM = AppStore|ARM
		AppStore|iPhone = AppStore|iPhone
		AppStore|iPhoneSimulator = AppStore|iPhoneSimulator
		AppStore|x64 = AppStore|x64
		AppStore|x86 = AppStore|x86
		Debug|Any CPU = Debug|Any CPU
		Debug|ARM = Debug|ARM
		Debug|iPhone = Debug|iPhone
		Debug|iPhoneSimulator = Debug|iPhoneSimulator
		Debug|x64 = Debug|x64
		Debug|x86 = Debug|x86
		Release|Any CPU = Release|Any CPU
		Release|ARM = Release|ARM
		Release|iPhone = Release|iPhone
		Release|iPhoneSimulator = Release|iPhoneSimulator
		Release|x64 = Release|x64
		Release|x86 = Release|x86
	EndGlobalSection
	GlobalSection(ProjectConfigurationPlatforms) = postSolution
		{7F8D43F4-81E5-420C-BA35-FA0AE24ED098}.Ad-Hoc|Any CPU.ActiveCfg = Release|Any CPU
		{7F8D43F4-81E5-420C-BA35-FA0AE24ED098}.Ad-Hoc|Any CPU.Build.0 = Release|Any CPU
		{7F8D43F4-81E5-420C-BA35-FA0AE24ED098}.Ad-Hoc|ARM.ActiveCfg = Release|Any CPU
		{7F8D43F4-81E5-420C-BA35-FA0AE24ED098}.Ad-Hoc|ARM.Build.0 = Release|Any CPU
		{7F8D43F4-81E5-420C-BA35-FA0AE24ED098}.Ad-Hoc|iPhone.ActiveCfg = Release|Any CPU
		{7F8D43F4-81E5-420C-BA35-FA0AE24ED098}.Ad-Hoc|iPhone.Build.0 = Release|Any CPU
		{7F8D43F4-81E5-420C-BA35-FA0AE24ED098}.Ad-Hoc|iPhoneSimulator.ActiveCfg = Release|Any CPU
		{7F8D43F4-81E5-420C-BA35-FA0AE24ED098}.Ad-Hoc|iPhoneSimulator.Build.0 = Release|Any CPU
		{7F8D43F4-81E5-420C-BA35-FA0AE24ED098}.Ad-Hoc|x64.ActiveCfg = Release|Any CPU
		{7F8D43F4-81E5-420C-BA35-FA0AE24ED098}.Ad-Hoc|x64.Build.0 = Release|Any CPU
		{7F8D43F4-81E5-420C-BA35-FA0AE24ED098}.Ad-Hoc|x86.ActiveCfg = Release|Any CPU
		{7F8D43F4-81E5-420C-BA35-FA0AE24ED098}.Ad-Hoc|x86.Build.0 = Release|Any CPU
		{7F8D43F4-81E5-420C-BA35-FA0AE24ED098}.AppStore|Any CPU.ActiveCfg = Release|Any CPU
		{7F8D43F4-81E5-420C-BA35-FA0AE24ED098}.AppStore|Any CPU.Build.0 = Release|Any CPU
		{7F8D43F4-81E5-420C-BA35-FA0AE24ED098}.AppStore|ARM.ActiveCfg = Release|Any CPU
		{7F8D43F4-81E5-420C-BA35-FA0AE24ED098}.AppStore|ARM.Build.0 = Release|Any CPU
		{7F8D43F4-81E5-420C-BA35-FA0AE24ED098}.AppStore|iPhone.ActiveCfg = Release|Any CPU
		{7F8D43F4-81E5-420C-BA35-FA0AE24ED098}.AppStore|iPhone.Build.0 = Release|Any CPU
		{7F8D43F4-81E5-420C-BA35-FA0AE24ED098}.AppStore|iPhoneSimulator.ActiveCfg = Release|Any CPU
		{7F8D43F4-81E5-420C-BA35-FA0AE24ED098}.AppStore|iPhoneSimulator.Build.0 = Release|Any CPU
		{7F8D43F4-81E5-420C-BA35-FA0AE24ED098}.AppStore|x64.ActiveCfg = Release|Any CPU
		{7F8D43F4-81E5-420C-BA35-FA0AE24ED098}.AppStore|x64.Build.0 = Release|Any CPU
		{7F8D43F4-81E5-420C-BA35-FA0AE24ED098}.AppStore|x86.ActiveCfg = Release|Any CPU
		{7F8D43F4-81E5-420C-BA35-FA0AE24ED098}.AppStore|x86.Build.0 = Release|Any CPU
		{7F8D43F4-81E5-420C-BA35-FA0AE24ED098}.Debug|Any CPU.ActiveCfg = Debug|Any CPU
		{7F8D43F4-81E5-420C-BA35-FA0AE24ED098}.Debug|Any CPU.Build.0 = Debug|Any CPU
		{7F8D43F4-81E5-420C-BA35-FA0AE24ED098}.Debug|ARM.ActiveCfg = Debug|Any CPU
		{7F8D43F4-81E5-420C-BA35-FA0AE24ED098}.Debug|ARM.Build.0 = Debug|Any CPU
		{7F8D43F4-81E5-420C-BA35-FA0AE24ED098}.Debug|iPhone.ActiveCfg = Debug|Any CPU
		{7F8D43F4-81E5-420C-BA35-FA0AE24ED098}.Debug|iPhone.Build.0 = Debug|Any CPU
		{7F8D43F4-81E5-420C-BA35-FA0AE24ED098}.Debug|iPhoneSimulator.ActiveCfg = Debug|Any CPU
		{7F8D43F4-81E5-420C-BA35-FA0AE24ED098}.Debug|iPhoneSimulator.Build.0 = Debug|Any CPU
		{7F8D43F4-81E5-420C-BA35-FA0AE24ED098}.Debug|x64.ActiveCfg = Debug|Any CPU
		{7F8D43F4-81E5-420C-BA35-FA0AE24ED098}.Debug|x64.Build.0 = Debug|Any CPU
		{7F8D43F4-81E5-420C-BA35-FA0AE24ED098}.Debug|x86.ActiveCfg = Debug|Any CPU
		{7F8D43F4-81E5-420C-BA35-FA0AE24ED098}.Debug|x86.Build.0 = Debug|Any CPU
		{7F8D43F4-81E5-420C-BA35-FA0AE24ED098}.Release|Any CPU.ActiveCfg = Release|Any CPU
		{7F8D43F4-81E5-420C-BA35-FA0AE24ED098}.Release|Any CPU.Build.0 = Release|Any CPU
		{7F8D43F4-81E5-420C-BA35-FA0AE24ED098}.Release|ARM.ActiveCfg = Release|Any CPU
		{7F8D43F4-81E5-420C-BA35-FA0AE24ED098}.Release|ARM.Build.0 = Release|Any CPU
		{7F8D43F4-81E5-420C-BA35-FA0AE24ED098}.Release|iPhone.ActiveCfg = Release|Any CPU
		{7F8D43F4-81E5-420C-BA35-FA0AE24ED098}.Release|iPhone.Build.0 = Release|Any CPU
		{7F8D43F4-81E5-420C-BA35-FA0AE24ED098}.Release|iPhoneSimulator.ActiveCfg = Release|Any CPU
		{7F8D43F4-81E5-420C-BA35-FA0AE24ED098}.Release|iPhoneSimulator.Build.0 = Release|Any CPU
		{7F8D43F4-81E5-420C-BA35-FA0AE24ED098}.Release|x64.ActiveCfg = Release|Any CPU
		{7F8D43F4-81E5-420C-BA35-FA0AE24ED098}.Release|x64.Build.0 = Release|Any CPU
		{7F8D43F4-81E5-420C-BA35-FA0AE24ED098}.Release|x86.ActiveCfg = Release|Any CPU
		{7F8D43F4-81E5-420C-BA35-FA0AE24ED098}.Release|x86.Build.0 = Release|Any CPU
		{E593EEE8-4019-44DC-A67F-238B3C05A390}.Ad-Hoc|Any CPU.ActiveCfg = Release|Any CPU
		{E593EEE8-4019-44DC-A67F-238B3C05A390}.Ad-Hoc|Any CPU.Build.0 = Release|Any CPU
		{E593EEE8-4019-44DC-A67F-238B3C05A390}.Ad-Hoc|Any CPU.Deploy.0 = Release|Any CPU
		{E593EEE8-4019-44DC-A67F-238B3C05A390}.Ad-Hoc|ARM.ActiveCfg = Release|Any CPU
		{E593EEE8-4019-44DC-A67F-238B3C05A390}.Ad-Hoc|ARM.Build.0 = Release|Any CPU
		{E593EEE8-4019-44DC-A67F-238B3C05A390}.Ad-Hoc|ARM.Deploy.0 = Release|Any CPU
		{E593EEE8-4019-44DC-A67F-238B3C05A390}.Ad-Hoc|iPhone.ActiveCfg = Release|Any CPU
		{E593EEE8-4019-44DC-A67F-238B3C05A390}.Ad-Hoc|iPhone.Build.0 = Release|Any CPU
		{E593EEE8-4019-44DC-A67F-238B3C05A390}.Ad-Hoc|iPhone.Deploy.0 = Release|Any CPU
		{E593EEE8-4019-44DC-A67F-238B3C05A390}.Ad-Hoc|iPhoneSimulator.ActiveCfg = Release|Any CPU
		{E593EEE8-4019-44DC-A67F-238B3C05A390}.Ad-Hoc|iPhoneSimulator.Build.0 = Release|Any CPU
		{E593EEE8-4019-44DC-A67F-238B3C05A390}.Ad-Hoc|iPhoneSimulator.Deploy.0 = Release|Any CPU
		{E593EEE8-4019-44DC-A67F-238B3C05A390}.Ad-Hoc|x64.ActiveCfg = Release|Any CPU
		{E593EEE8-4019-44DC-A67F-238B3C05A390}.Ad-Hoc|x64.Build.0 = Release|Any CPU
		{E593EEE8-4019-44DC-A67F-238B3C05A390}.Ad-Hoc|x64.Deploy.0 = Release|Any CPU
		{E593EEE8-4019-44DC-A67F-238B3C05A390}.Ad-Hoc|x86.ActiveCfg = Release|Any CPU
		{E593EEE8-4019-44DC-A67F-238B3C05A390}.Ad-Hoc|x86.Build.0 = Release|Any CPU
		{E593EEE8-4019-44DC-A67F-238B3C05A390}.Ad-Hoc|x86.Deploy.0 = Release|Any CPU
		{E593EEE8-4019-44DC-A67F-238B3C05A390}.AppStore|Any CPU.ActiveCfg = Release|Any CPU
		{E593EEE8-4019-44DC-A67F-238B3C05A390}.AppStore|Any CPU.Build.0 = Release|Any CPU
		{E593EEE8-4019-44DC-A67F-238B3C05A390}.AppStore|Any CPU.Deploy.0 = Release|Any CPU
		{E593EEE8-4019-44DC-A67F-238B3C05A390}.AppStore|ARM.ActiveCfg = Release|Any CPU
		{E593EEE8-4019-44DC-A67F-238B3C05A390}.AppStore|ARM.Build.0 = Release|Any CPU
		{E593EEE8-4019-44DC-A67F-238B3C05A390}.AppStore|ARM.Deploy.0 = Release|Any CPU
		{E593EEE8-4019-44DC-A67F-238B3C05A390}.AppStore|iPhone.ActiveCfg = Release|Any CPU
		{E593EEE8-4019-44DC-A67F-238B3C05A390}.AppStore|iPhone.Build.0 = Release|Any CPU
		{E593EEE8-4019-44DC-A67F-238B3C05A390}.AppStore|iPhone.Deploy.0 = Release|Any CPU
		{E593EEE8-4019-44DC-A67F-238B3C05A390}.AppStore|iPhoneSimulator.ActiveCfg = Release|Any CPU
		{E593EEE8-4019-44DC-A67F-238B3C05A390}.AppStore|iPhoneSimulator.Build.0 = Release|Any CPU
		{E593EEE8-4019-44DC-A67F-238B3C05A390}.AppStore|iPhoneSimulator.Deploy.0 = Release|Any CPU
		{E593EEE8-4019-44DC-A67F-238B3C05A390}.AppStore|x64.ActiveCfg = Release|Any CPU
		{E593EEE8-4019-44DC-A67F-238B3C05A390}.AppStore|x64.Build.0 = Release|Any CPU
		{E593EEE8-4019-44DC-A67F-238B3C05A390}.AppStore|x64.Deploy.0 = Release|Any CPU
		{E593EEE8-4019-44DC-A67F-238B3C05A390}.AppStore|x86.ActiveCfg = Release|Any CPU
		{E593EEE8-4019-44DC-A67F-238B3C05A390}.AppStore|x86.Build.0 = Release|Any CPU
		{E593EEE8-4019-44DC-A67F-238B3C05A390}.AppStore|x86.Deploy.0 = Release|Any CPU
		{E593EEE8-4019-44DC-A67F-238B3C05A390}.Debug|Any CPU.ActiveCfg = Debug|Any CPU
		{E593EEE8-4019-44DC-A67F-238B3C05A390}.Debug|Any CPU.Build.0 = Debug|Any CPU
		{E593EEE8-4019-44DC-A67F-238B3C05A390}.Debug|Any CPU.Deploy.0 = Debug|Any CPU
		{E593EEE8-4019-44DC-A67F-238B3C05A390}.Debug|ARM.ActiveCfg = Debug|Any CPU
		{E593EEE8-4019-44DC-A67F-238B3C05A390}.Debug|ARM.Build.0 = Debug|Any CPU
		{E593EEE8-4019-44DC-A67F-238B3C05A390}.Debug|ARM.Deploy.0 = Debug|Any CPU
		{E593EEE8-4019-44DC-A67F-238B3C05A390}.Debug|iPhone.ActiveCfg = Debug|Any CPU
		{E593EEE8-4019-44DC-A67F-238B3C05A390}.Debug|iPhone.Build.0 = Debug|Any CPU
		{E593EEE8-4019-44DC-A67F-238B3C05A390}.Debug|iPhone.Deploy.0 = Debug|Any CPU
		{E593EEE8-4019-44DC-A67F-238B3C05A390}.Debug|iPhoneSimulator.ActiveCfg = Debug|Any CPU
		{E593EEE8-4019-44DC-A67F-238B3C05A390}.Debug|iPhoneSimulator.Build.0 = Debug|Any CPU
		{E593EEE8-4019-44DC-A67F-238B3C05A390}.Debug|iPhoneSimulator.Deploy.0 = Debug|Any CPU
		{E593EEE8-4019-44DC-A67F-238B3C05A390}.Debug|x64.ActiveCfg = Debug|Any CPU
		{E593EEE8-4019-44DC-A67F-238B3C05A390}.Debug|x64.Build.0 = Debug|Any CPU
		{E593EEE8-4019-44DC-A67F-238B3C05A390}.Debug|x64.Deploy.0 = Debug|Any CPU
		{E593EEE8-4019-44DC-A67F-238B3C05A390}.Debug|x86.ActiveCfg = Debug|Any CPU
		{E593EEE8-4019-44DC-A67F-238B3C05A390}.Debug|x86.Build.0 = Debug|Any CPU
		{E593EEE8-4019-44DC-A67F-238B3C05A390}.Debug|x86.Deploy.0 = Debug|Any CPU
		{E593EEE8-4019-44DC-A67F-238B3C05A390}.Release|Any CPU.ActiveCfg = Release|Any CPU
		{E593EEE8-4019-44DC-A67F-238B3C05A390}.Release|Any CPU.Build.0 = Release|Any CPU
		{E593EEE8-4019-44DC-A67F-238B3C05A390}.Release|Any CPU.Deploy.0 = Release|Any CPU
		{E593EEE8-4019-44DC-A67F-238B3C05A390}.Release|ARM.ActiveCfg = Release|Any CPU
		{E593EEE8-4019-44DC-A67F-238B3C05A390}.Release|ARM.Build.0 = Release|Any CPU
		{E593EEE8-4019-44DC-A67F-238B3C05A390}.Release|ARM.Deploy.0 = Release|Any CPU
		{E593EEE8-4019-44DC-A67F-238B3C05A390}.Release|iPhone.ActiveCfg = Release|Any CPU
		{E593EEE8-4019-44DC-A67F-238B3C05A390}.Release|iPhone.Build.0 = Release|Any CPU
		{E593EEE8-4019-44DC-A67F-238B3C05A390}.Release|iPhone.Deploy.0 = Release|Any CPU
		{E593EEE8-4019-44DC-A67F-238B3C05A390}.Release|iPhoneSimulator.ActiveCfg = Release|Any CPU
		{E593EEE8-4019-44DC-A67F-238B3C05A390}.Release|iPhoneSimulator.Build.0 = Release|Any CPU
		{E593EEE8-4019-44DC-A67F-238B3C05A390}.Release|iPhoneSimulator.Deploy.0 = Release|Any CPU
		{E593EEE8-4019-44DC-A67F-238B3C05A390}.Release|x64.ActiveCfg = Release|Any CPU
		{E593EEE8-4019-44DC-A67F-238B3C05A390}.Release|x64.Build.0 = Release|Any CPU
		{E593EEE8-4019-44DC-A67F-238B3C05A390}.Release|x64.Deploy.0 = Release|Any CPU
		{E593EEE8-4019-44DC-A67F-238B3C05A390}.Release|x86.ActiveCfg = Release|Any CPU
		{E593EEE8-4019-44DC-A67F-238B3C05A390}.Release|x86.Build.0 = Release|Any CPU
		{E593EEE8-4019-44DC-A67F-238B3C05A390}.Release|x86.Deploy.0 = Release|Any CPU
		{1671DF09-D7EF-4FCB-831F-40892AC4E2BC}.Ad-Hoc|Any CPU.ActiveCfg = Ad-Hoc|iPhone
		{1671DF09-D7EF-4FCB-831F-40892AC4E2BC}.Ad-Hoc|ARM.ActiveCfg = Ad-Hoc|iPhone
		{1671DF09-D7EF-4FCB-831F-40892AC4E2BC}.Ad-Hoc|iPhone.ActiveCfg = Ad-Hoc|iPhone
		{1671DF09-D7EF-4FCB-831F-40892AC4E2BC}.Ad-Hoc|iPhone.Build.0 = Ad-Hoc|iPhone
		{1671DF09-D7EF-4FCB-831F-40892AC4E2BC}.Ad-Hoc|iPhoneSimulator.ActiveCfg = Ad-Hoc|iPhoneSimulator
		{1671DF09-D7EF-4FCB-831F-40892AC4E2BC}.Ad-Hoc|iPhoneSimulator.Build.0 = Ad-Hoc|iPhoneSimulator
		{1671DF09-D7EF-4FCB-831F-40892AC4E2BC}.Ad-Hoc|x64.ActiveCfg = Ad-Hoc|iPhone
		{1671DF09-D7EF-4FCB-831F-40892AC4E2BC}.Ad-Hoc|x86.ActiveCfg = Ad-Hoc|iPhone
		{1671DF09-D7EF-4FCB-831F-40892AC4E2BC}.AppStore|Any CPU.ActiveCfg = AppStore|iPhone
		{1671DF09-D7EF-4FCB-831F-40892AC4E2BC}.AppStore|ARM.ActiveCfg = AppStore|iPhone
		{1671DF09-D7EF-4FCB-831F-40892AC4E2BC}.AppStore|iPhone.ActiveCfg = AppStore|iPhone
		{1671DF09-D7EF-4FCB-831F-40892AC4E2BC}.AppStore|iPhone.Build.0 = AppStore|iPhone
		{1671DF09-D7EF-4FCB-831F-40892AC4E2BC}.AppStore|iPhoneSimulator.ActiveCfg = AppStore|iPhoneSimulator
		{1671DF09-D7EF-4FCB-831F-40892AC4E2BC}.AppStore|iPhoneSimulator.Build.0 = AppStore|iPhoneSimulator
		{1671DF09-D7EF-4FCB-831F-40892AC4E2BC}.AppStore|x64.ActiveCfg = AppStore|iPhone
		{1671DF09-D7EF-4FCB-831F-40892AC4E2BC}.AppStore|x86.ActiveCfg = AppStore|iPhone
		{1671DF09-D7EF-4FCB-831F-40892AC4E2BC}.Debug|Any CPU.ActiveCfg = Debug|iPhone
		{1671DF09-D7EF-4FCB-831F-40892AC4E2BC}.Debug|ARM.ActiveCfg = Debug|iPhone
		{1671DF09-D7EF-4FCB-831F-40892AC4E2BC}.Debug|iPhone.ActiveCfg = Debug|iPhone
		{1671DF09-D7EF-4FCB-831F-40892AC4E2BC}.Debug|iPhone.Build.0 = Debug|iPhone
		{1671DF09-D7EF-4FCB-831F-40892AC4E2BC}.Debug|iPhoneSimulator.ActiveCfg = Debug|iPhoneSimulator
		{1671DF09-D7EF-4FCB-831F-40892AC4E2BC}.Debug|iPhoneSimulator.Build.0 = Debug|iPhoneSimulator
		{1671DF09-D7EF-4FCB-831F-40892AC4E2BC}.Debug|x64.ActiveCfg = Debug|iPhone
		{1671DF09-D7EF-4FCB-831F-40892AC4E2BC}.Debug|x86.ActiveCfg = Debug|iPhone
		{1671DF09-D7EF-4FCB-831F-40892AC4E2BC}.Release|Any CPU.ActiveCfg = Release|iPhone
		{1671DF09-D7EF-4FCB-831F-40892AC4E2BC}.Release|ARM.ActiveCfg = Release|iPhone
		{1671DF09-D7EF-4FCB-831F-40892AC4E2BC}.Release|iPhone.ActiveCfg = Release|iPhone
		{1671DF09-D7EF-4FCB-831F-40892AC4E2BC}.Release|iPhone.Build.0 = Release|iPhone
		{1671DF09-D7EF-4FCB-831F-40892AC4E2BC}.Release|iPhoneSimulator.ActiveCfg = Release|iPhoneSimulator
		{1671DF09-D7EF-4FCB-831F-40892AC4E2BC}.Release|iPhoneSimulator.Build.0 = Release|iPhoneSimulator
		{1671DF09-D7EF-4FCB-831F-40892AC4E2BC}.Release|x64.ActiveCfg = Release|iPhone
		{1671DF09-D7EF-4FCB-831F-40892AC4E2BC}.Release|x86.ActiveCfg = Release|iPhone
		{34A63822-A9D7-4347-A26B-2ADFE0D9E70C}.Ad-Hoc|Any CPU.ActiveCfg = Release|x86
		{34A63822-A9D7-4347-A26B-2ADFE0D9E70C}.Ad-Hoc|Any CPU.Build.0 = Release|x86
		{34A63822-A9D7-4347-A26B-2ADFE0D9E70C}.Ad-Hoc|Any CPU.Deploy.0 = Release|x86
		{34A63822-A9D7-4347-A26B-2ADFE0D9E70C}.Ad-Hoc|ARM.ActiveCfg = Release|ARM
		{34A63822-A9D7-4347-A26B-2ADFE0D9E70C}.Ad-Hoc|ARM.Build.0 = Release|ARM
		{34A63822-A9D7-4347-A26B-2ADFE0D9E70C}.Ad-Hoc|ARM.Deploy.0 = Release|ARM
		{34A63822-A9D7-4347-A26B-2ADFE0D9E70C}.Ad-Hoc|iPhone.ActiveCfg = Release|x86
		{34A63822-A9D7-4347-A26B-2ADFE0D9E70C}.Ad-Hoc|iPhone.Build.0 = Release|x86
		{34A63822-A9D7-4347-A26B-2ADFE0D9E70C}.Ad-Hoc|iPhone.Deploy.0 = Release|x86
		{34A63822-A9D7-4347-A26B-2ADFE0D9E70C}.Ad-Hoc|iPhoneSimulator.ActiveCfg = Release|x86
		{34A63822-A9D7-4347-A26B-2ADFE0D9E70C}.Ad-Hoc|iPhoneSimulator.Build.0 = Release|x86
		{34A63822-A9D7-4347-A26B-2ADFE0D9E70C}.Ad-Hoc|iPhoneSimulator.Deploy.0 = Release|x86
		{34A63822-A9D7-4347-A26B-2ADFE0D9E70C}.Ad-Hoc|x64.ActiveCfg = Release|x64
		{34A63822-A9D7-4347-A26B-2ADFE0D9E70C}.Ad-Hoc|x64.Build.0 = Release|x64
		{34A63822-A9D7-4347-A26B-2ADFE0D9E70C}.Ad-Hoc|x64.Deploy.0 = Release|x64
		{34A63822-A9D7-4347-A26B-2ADFE0D9E70C}.Ad-Hoc|x86.ActiveCfg = Release|x86
		{34A63822-A9D7-4347-A26B-2ADFE0D9E70C}.Ad-Hoc|x86.Build.0 = Release|x86
		{34A63822-A9D7-4347-A26B-2ADFE0D9E70C}.Ad-Hoc|x86.Deploy.0 = Release|x86
		{34A63822-A9D7-4347-A26B-2ADFE0D9E70C}.AppStore|Any CPU.ActiveCfg = Release|x86
		{34A63822-A9D7-4347-A26B-2ADFE0D9E70C}.AppStore|Any CPU.Build.0 = Release|x86
		{34A63822-A9D7-4347-A26B-2ADFE0D9E70C}.AppStore|Any CPU.Deploy.0 = Release|x86
		{34A63822-A9D7-4347-A26B-2ADFE0D9E70C}.AppStore|ARM.ActiveCfg = Release|ARM
		{34A63822-A9D7-4347-A26B-2ADFE0D9E70C}.AppStore|ARM.Build.0 = Release|ARM
		{34A63822-A9D7-4347-A26B-2ADFE0D9E70C}.AppStore|ARM.Deploy.0 = Release|ARM
		{34A63822-A9D7-4347-A26B-2ADFE0D9E70C}.AppStore|iPhone.ActiveCfg = Release|x86
		{34A63822-A9D7-4347-A26B-2ADFE0D9E70C}.AppStore|iPhone.Build.0 = Release|x86
		{34A63822-A9D7-4347-A26B-2ADFE0D9E70C}.AppStore|iPhone.Deploy.0 = Release|x86
		{34A63822-A9D7-4347-A26B-2ADFE0D9E70C}.AppStore|iPhoneSimulator.ActiveCfg = Release|x86
		{34A63822-A9D7-4347-A26B-2ADFE0D9E70C}.AppStore|iPhoneSimulator.Build.0 = Release|x86
		{34A63822-A9D7-4347-A26B-2ADFE0D9E70C}.AppStore|iPhoneSimulator.Deploy.0 = Release|x86
		{34A63822-A9D7-4347-A26B-2ADFE0D9E70C}.AppStore|x64.ActiveCfg = Release|x64
		{34A63822-A9D7-4347-A26B-2ADFE0D9E70C}.AppStore|x64.Build.0 = Release|x64
		{34A63822-A9D7-4347-A26B-2ADFE0D9E70C}.AppStore|x64.Deploy.0 = Release|x64
		{34A63822-A9D7-4347-A26B-2ADFE0D9E70C}.AppStore|x86.ActiveCfg = Release|x86
		{34A63822-A9D7-4347-A26B-2ADFE0D9E70C}.AppStore|x86.Build.0 = Release|x86
		{34A63822-A9D7-4347-A26B-2ADFE0D9E70C}.AppStore|x86.Deploy.0 = Release|x86
		{34A63822-A9D7-4347-A26B-2ADFE0D9E70C}.Debug|Any CPU.ActiveCfg = Debug|x86
		{34A63822-A9D7-4347-A26B-2ADFE0D9E70C}.Debug|ARM.ActiveCfg = Debug|ARM
		{34A63822-A9D7-4347-A26B-2ADFE0D9E70C}.Debug|ARM.Build.0 = Debug|ARM
		{34A63822-A9D7-4347-A26B-2ADFE0D9E70C}.Debug|ARM.Deploy.0 = Debug|ARM
		{34A63822-A9D7-4347-A26B-2ADFE0D9E70C}.Debug|iPhone.ActiveCfg = Debug|x86
		{34A63822-A9D7-4347-A26B-2ADFE0D9E70C}.Debug|iPhoneSimulator.ActiveCfg = Debug|x86
		{34A63822-A9D7-4347-A26B-2ADFE0D9E70C}.Debug|x64.ActiveCfg = Debug|x64
		{34A63822-A9D7-4347-A26B-2ADFE0D9E70C}.Debug|x64.Build.0 = Debug|x64
		{34A63822-A9D7-4347-A26B-2ADFE0D9E70C}.Debug|x64.Deploy.0 = Debug|x64
		{34A63822-A9D7-4347-A26B-2ADFE0D9E70C}.Debug|x86.ActiveCfg = Debug|x86
		{34A63822-A9D7-4347-A26B-2ADFE0D9E70C}.Debug|x86.Build.0 = Debug|x86
		{34A63822-A9D7-4347-A26B-2ADFE0D9E70C}.Debug|x86.Deploy.0 = Debug|x86
		{34A63822-A9D7-4347-A26B-2ADFE0D9E70C}.Release|Any CPU.ActiveCfg = Release|x86
		{34A63822-A9D7-4347-A26B-2ADFE0D9E70C}.Release|ARM.ActiveCfg = Release|ARM
		{34A63822-A9D7-4347-A26B-2ADFE0D9E70C}.Release|ARM.Build.0 = Release|ARM
		{34A63822-A9D7-4347-A26B-2ADFE0D9E70C}.Release|ARM.Deploy.0 = Release|ARM
		{34A63822-A9D7-4347-A26B-2ADFE0D9E70C}.Release|iPhone.ActiveCfg = Release|x86
		{34A63822-A9D7-4347-A26B-2ADFE0D9E70C}.Release|iPhoneSimulator.ActiveCfg = Release|x86
		{34A63822-A9D7-4347-A26B-2ADFE0D9E70C}.Release|x64.ActiveCfg = Release|x64
		{34A63822-A9D7-4347-A26B-2ADFE0D9E70C}.Release|x64.Build.0 = Release|x64
		{34A63822-A9D7-4347-A26B-2ADFE0D9E70C}.Release|x64.Deploy.0 = Release|x64
		{34A63822-A9D7-4347-A26B-2ADFE0D9E70C}.Release|x86.ActiveCfg = Release|x86
		{34A63822-A9D7-4347-A26B-2ADFE0D9E70C}.Release|x86.Build.0 = Release|x86
		{34A63822-A9D7-4347-A26B-2ADFE0D9E70C}.Release|x86.Deploy.0 = Release|x86
	EndGlobalSection
	GlobalSection(SolutionProperties) = preSolution
		HideSolutionNode = FALSE
	EndGlobalSection
	GlobalSection(TeamFoundationVersionControl) = preSolution
		SccNumberOfProjects = 5
		SccEnterpriseProvider = {4CA58AB2-18FA-4F8D-95D4-32DDF27D184C}
		SccTeamFoundationServer = https://evo4systems.visualstudio.com/
		SccLocalPath0 = .
		SccProjectUniqueName1 = AquarioVirtual.App\\AquarioVirtual.App.Droid\\AquarioVirtual.App.Droid.csproj
		SccProjectName1 = AquarioVirtual.App/AquarioVirtual.App.Droid
		SccLocalPath1 = AquarioVirtual.App\\AquarioVirtual.App.Droid
		SccProjectUniqueName2 = AquarioVirtual.App\\AquarioVirtual.App.iOS\\AquarioVirtual.App.iOS.csproj
		SccProjectName2 = AquarioVirtual.App/AquarioVirtual.App.iOS
		SccLocalPath2 = AquarioVirtual.App\\AquarioVirtual.App.iOS
		SccProjectUniqueName3 = AquarioVirtual.App\\AquarioVirtual.App.UWP\\AquarioVirtual.App.UWP.csproj
		SccProjectName3 = AquarioVirtual.App/AquarioVirtual.App.UWP
		SccLocalPath3 = AquarioVirtual.App\\AquarioVirtual.App.UWP
		SccProjectUniqueName4 = AquarioVirtual.App\\AquarioVirtual.App\\AquarioVirtual.App.csproj
		SccProjectName4 = AquarioVirtual.App/AquarioVirtual.App
		SccLocalPath4 = AquarioVirtual.App\\AquarioVirtual.App
	EndGlobalSection
EndGlobal
